
Microsoft Visual Studio Solution File, Format Version 12.00
# Visual Studio Version 16
VisualStudioVersion = 16.0.31729.503
MinimumVisualStudioVersion = 10.0.40219.1
Project("{FAE04EC0-301F-11D3-BF4B-00C04F79EFBC}") = "UndergroundProject", "UndergroundProject.csproj", "{3191338F-BA75-46AC-AA9A-5F775F5A851D}"
EndProject
Global
	GlobalSection(SolutionConfigurationPlatforms) = preSolution
		Debug|Any CPU = Debug|Any CPU
		Release|Any CPU = Release|Any CPU
	EndGlobalSection
	GlobalSection(ProjectConfigurationPlatforms) = postSolution
		{3191338F-BA75-46AC-AA9A-5F775F5A851D}.Debug|Any CPU.ActiveCfg = Debug|Any CPU
		{3191338F-BA75-46AC-AA9A-5F775F5A851D}.Debug|Any CPU.Build.0 = Debug|Any CPU
		{3191338F-BA75-46AC-AA9A-5F775F5A851D}.Release|Any CPU.ActiveCfg = Release|Any CPU
		{3191338F-BA75-46AC-AA9A-5F775F5A851D}.Release|Any CPU.Build.0 = Release|Any CPU
	EndGlobalSection
	GlobalSection(SolutionProperties) = preSolution
		HideSolutionNode = FALSE
	EndGlobalSection
	GlobalSection(ExtensibilityGlobals) = postSolution
		SolutionGuid = {99F25DE4-6176-42D0-AC99-9B3C020002A8}
	EndGlobalSection
EndGlobal
